
Microsoft Visual Studio Solution File, Format Version 12.00
# Visual Studio Version 17
VisualStudioVersion = 17.6.33712.159
MinimumVisualStudioVersion = 10.0.40219.1
Project("{9A19103F-16F7-4668-BE54-9A1E7A4F7556}") = "ModernCVweb", "ModernCVweb\ModernCVweb.csproj", "{6E356974-7593-414F-999B-F32E4ECCC612}"
EndProject
Project("{9A19103F-16F7-4668-BE54-9A1E7A4F7556}") = "BusinessLayer", "BusinessLayer\BusinessLayer.csproj", "{67DB51BB-ADAF-491B-973D-0F95405A18FB}"
EndProject
Project("{9A19103F-16F7-4668-BE54-9A1E7A4F7556}") = "DataAccessLayer", "DataAccessLayer\DataAccessLayer.csproj", "{78754DD2-7150-411F-88AF-E5A399ACC9DA}"
EndProject
Project("{9A19103F-16F7-4668-BE54-9A1E7A4F7556}") = "EntityLayer", "EntityLayer\EntityLayer.csproj", "{C6F7FD13-48A6-439A-8AA8-96AB5BCB4723}"
EndProject
Project("{FAE04EC0-301F-11D3-BF4B-00C04F79EFBC}") = "Core_Cv_Proje", "Core_Cv_Proje\Core_Cv_Proje.csproj", "{645A6797-8311-4524-B722-61EBF16D4986}"
EndProject
Global
	GlobalSection(SolutionConfigurationPlatforms) = preSolution
		Debug|Any CPU = Debug|Any CPU
		Release|Any CPU = Release|Any CPU
	EndGlobalSection
	GlobalSection(ProjectConfigurationPlatforms) = postSolution
		{6E356974-7593-414F-999B-F32E4ECCC612}.Debug|Any CPU.ActiveCfg = Debug|Any CPU
		{6E356974-7593-414F-999B-F32E4ECCC612}.Debug|Any CPU.Build.0 = Debug|Any CPU
		{6E356974-7593-414F-999B-F32E4ECCC612}.Release|Any CPU.ActiveCfg = Release|Any CPU
		{6E356974-7593-414F-999B-F32E4ECCC612}.Release|Any CPU.Build.0 = Release|Any CPU
		{67DB51BB-ADAF-491B-973D-0F95405A18FB}.Debug|Any CPU.ActiveCfg = Debug|Any CPU
		{67DB51BB-ADAF-491B-973D-0F95405A18FB}.Debug|Any CPU.Build.0 = Debug|Any CPU
		{67DB51BB-ADAF-491B-973D-0F95405A18FB}.Release|Any CPU.ActiveCfg = Release|Any CPU
		{67DB51BB-ADAF-491B-973D-0F95405A18FB}.Release|Any CPU.Build.0 = Release|Any CPU
		{78754DD2-7150-411F-88AF-E5A399ACC9DA}.Debug|Any CPU.ActiveCfg = Debug|Any CPU
		{78754DD2-7150-411F-88AF-E5A399ACC9DA}.Debug|Any CPU.Build.0 = Debug|Any CPU
		{78754DD2-7150-411F-88AF-E5A399ACC9DA}.Release|Any CPU.ActiveCfg = Release|Any CPU
		{78754DD2-7150-411F-88AF-E5A399ACC9DA}.Release|Any CPU.Build.0 = Release|Any CPU
		{C6F7FD13-48A6-439A-8AA8-96AB5BCB4723}.Debug|Any CPU.ActiveCfg = Debug|Any CPU
		{C6F7FD13-48A6-439A-8AA8-96AB5BCB4723}.Debug|Any CPU.Build.0 = Debug|Any CPU
		{C6F7FD13-48A6-439A-8AA8-96AB5BCB4723}.Release|Any CPU.ActiveCfg = Release|Any CPU
		{C6F7FD13-48A6-439A-8AA8-96AB5BCB4723}.Release|Any CPU.Build.0 = Release|Any CPU
		{645A6797-8311-4524-B722-61EBF16D4986}.Debug|Any CPU.ActiveCfg = Debug|Any CPU
		{645A6797-8311-4524-B722-61EBF16D4986}.Debug|Any CPU.Build.0 = Debug|Any CPU
		{645A6797-8311-4524-B722-61EBF16D4986}.Release|Any CPU.ActiveCfg = Release|Any CPU
		{645A6797-8311-4524-B722-61EBF16D4986}.Release|Any CPU.Build.0 = Release|Any CPU
	EndGlobalSection
	GlobalSection(SolutionProperties) = preSolution
		HideSolutionNode = FALSE
	EndGlobalSection
	GlobalSection(ExtensibilityGlobals) = postSolution
		SolutionGuid = {A022C327-27CD-45C1-A1D0-F1C1C53EEA21}
	EndGlobalSection
EndGlobal
